
Microsoft Visual Studio Solution File, Format Version 12.00
# Visual Studio 15
VisualStudioVersion = 15.0.27703.2042
MinimumVisualStudioVersion = 10.0.40219.1
Project("{FAE04EC0-301F-11D3-BF4B-00C04F79EFBC}") = "webPortal", "webPortal\webPortal.csproj", "{DC3D007E-D589-4D22-A905-28C6928832F6}"
EndProject
Project("{FAE04EC0-301F-11D3-BF4B-00C04F79EFBC}") = "BALPortal", "BALPortal\BALPortal.csproj", "{DD4DAC72-F497-40D5-80DC-7DDC2DF50429}"
EndProject
Project("{FAE04EC0-301F-11D3-BF4B-00C04F79EFBC}") = "DALPortal", "DALPortal\DALPortal.csproj", "{4F2DB0F8-0CD0-42C2-B6AA-2D779FC7402F}"
EndProject
Global
	GlobalSection(SolutionConfigurationPlatforms) = preSolution
		Debug|Any CPU = Debug|Any CPU
		Release|Any CPU = Release|Any CPU
	EndGlobalSection
	GlobalSection(ProjectConfigurationPlatforms) = postSolution
		{DC3D007E-D589-4D22-A905-28C6928832F6}.Debug|Any CPU.ActiveCfg = Debug|Any CPU
		{DC3D007E-D589-4D22-A905-28C6928832F6}.Debug|Any CPU.Build.0 = Debug|Any CPU
		{DC3D007E-D589-4D22-A905-28C6928832F6}.Release|Any CPU.ActiveCfg = Release|Any CPU
		{DC3D007E-D589-4D22-A905-28C6928832F6}.Release|Any CPU.Build.0 = Release|Any CPU
		{DD4DAC72-F497-40D5-80DC-7DDC2DF50429}.Debug|Any CPU.ActiveCfg = Debug|Any CPU
		{DD4DAC72-F497-40D5-80DC-7DDC2DF50429}.Debug|Any CPU.Build.0 = Debug|Any CPU
		{DD4DAC72-F497-40D5-80DC-7DDC2DF50429}.Release|Any CPU.ActiveCfg = Release|Any CPU
		{DD4DAC72-F497-40D5-80DC-7DDC2DF50429}.Release|Any CPU.Build.0 = Release|Any CPU
		{4F2DB0F8-0CD0-42C2-B6AA-2D779FC7402F}.Debug|Any CPU.ActiveCfg = Debug|Any CPU
		{4F2DB0F8-0CD0-42C2-B6AA-2D779FC7402F}.Debug|Any CPU.Build.0 = Debug|Any CPU
		{4F2DB0F8-0CD0-42C2-B6AA-2D779FC7402F}.Release|Any CPU.ActiveCfg = Release|Any CPU
		{4F2DB0F8-0CD0-42C2-B6AA-2D779FC7402F}.Release|Any CPU.Build.0 = Release|Any CPU
	EndGlobalSection
	GlobalSection(SolutionProperties) = preSolution
		HideSolutionNode = FALSE
	EndGlobalSection
	GlobalSection(ExtensibilityGlobals) = postSolution
		SolutionGuid = {458D141E-9B0F-4E9A-9C51-09021FF4CCAC}
	EndGlobalSection
EndGlobal
